
Microsoft Visual Studio Solution File, Format Version 12.00
# Visual Studio Version 17
VisualStudioVersion = 17.3.32929.385
MinimumVisualStudioVersion = 10.0.40219.1
Project("{9A19103F-16F7-4668-BE54-9A1E7A4F7556}") = "EasyPlanner", "EasyPlanner.csproj", "{227D3FFC-6599-4141-94EA-1D83F2D74E0C}"
EndProject
Global
	GlobalSection(SolutionConfigurationPlatforms) = preSolution
		Debug|Any CPU = Debug|Any CPU
		Release|Any CPU = Release|Any CPU
	EndGlobalSection
	GlobalSection(ProjectConfigurationPlatforms) = postSolution
		{227D3FFC-6599-4141-94EA-1D83F2D74E0C}.Debug|Any CPU.ActiveCfg = Debug|Any CPU
		{227D3FFC-6599-4141-94EA-1D83F2D74E0C}.Debug|Any CPU.Build.0 = Debug|Any CPU
		{227D3FFC-6599-4141-94EA-1D83F2D74E0C}.Release|Any CPU.ActiveCfg = Release|Any CPU
		{227D3FFC-6599-4141-94EA-1D83F2D74E0C}.Release|Any CPU.Build.0 = Release|Any CPU
	EndGlobalSection
	GlobalSection(SolutionProperties) = preSolution
		HideSolutionNode = FALSE
	EndGlobalSection
	GlobalSection(ExtensibilityGlobals) = postSolution
		SolutionGuid = {B03A68E1-B662-48DB-9381-89D6714E9053}
	EndGlobalSection
EndGlobal
